
Microsoft Visual Studio Solution File, Format Version 12.00
# Visual Studio 15
Project("{FAE04EC0-301F-11D3-BF4B-00C04F79EFBC}") = "SignInWithAppleSample.Android", "SignInWithAppleSample.Android\SignInWithAppleSample.Android.csproj", "{C95DE2CA-CDBE-4A42-A94A-1D5AB4468F1C}"
EndProject
Project("{FAE04EC0-301F-11D3-BF4B-00C04F79EFBC}") = "SignInWithAppleSample.iOS", "SignInWithAppleSample.iOS\SignInWithAppleSample.iOS.csproj", "{8D2E16F8-F94F-47CC-8B10-3339EEB6B580}"
EndProject
Project("{FAE04EC0-301F-11D3-BF4B-00C04F79EFBC}") = "SignInWithAppleSample", "SignInWithAppleSample\SignInWithAppleSample.csproj", "{5563DD0E-FF2D-4501-BCC8-A1D0A6644D92}"
EndProject
Global
	GlobalSection(SolutionConfigurationPlatforms) = preSolution
		Debug|Any CPU = Debug|Any CPU
		Release|Any CPU = Release|Any CPU
		Debug|iPhoneSimulator = Debug|iPhoneSimulator
		Release|iPhoneSimulator = Release|iPhoneSimulator
		Debug|iPhone = Debug|iPhone
		Release|iPhone = Release|iPhone
	EndGlobalSection
	GlobalSection(ProjectConfigurationPlatforms) = postSolution
		{C95DE2CA-CDBE-4A42-A94A-1D5AB4468F1C}.Debug|Any CPU.ActiveCfg = Debug|Any CPU
		{C95DE2CA-CDBE-4A42-A94A-1D5AB4468F1C}.Debug|Any CPU.Build.0 = Debug|Any CPU
		{C95DE2CA-CDBE-4A42-A94A-1D5AB4468F1C}.Release|Any CPU.ActiveCfg = Release|Any CPU
		{C95DE2CA-CDBE-4A42-A94A-1D5AB4468F1C}.Release|Any CPU.Build.0 = Release|Any CPU
		{C95DE2CA-CDBE-4A42-A94A-1D5AB4468F1C}.Debug|iPhoneSimulator.ActiveCfg = Debug|Any CPU
		{C95DE2CA-CDBE-4A42-A94A-1D5AB4468F1C}.Debug|iPhoneSimulator.Build.0 = Debug|Any CPU
		{C95DE2CA-CDBE-4A42-A94A-1D5AB4468F1C}.Release|iPhoneSimulator.ActiveCfg = Release|Any CPU
		{C95DE2CA-CDBE-4A42-A94A-1D5AB4468F1C}.Release|iPhoneSimulator.Build.0 = Release|Any CPU
		{C95DE2CA-CDBE-4A42-A94A-1D5AB4468F1C}.Debug|iPhone.ActiveCfg = Debug|Any CPU
		{C95DE2CA-CDBE-4A42-A94A-1D5AB4468F1C}.Debug|iPhone.Build.0 = Debug|Any CPU
		{C95DE2CA-CDBE-4A42-A94A-1D5AB4468F1C}.Release|iPhone.ActiveCfg = Release|Any CPU
		{C95DE2CA-CDBE-4A42-A94A-1D5AB4468F1C}.Release|iPhone.Build.0 = Release|Any CPU
		{8D2E16F8-F94F-47CC-8B10-3339EEB6B580}.Debug|Any CPU.ActiveCfg = Debug|iPhoneSimulator
		{8D2E16F8-F94F-47CC-8B10-3339EEB6B580}.Debug|Any CPU.Build.0 = Debug|iPhoneSimulator
		{8D2E16F8-F94F-47CC-8B10-3339EEB6B580}.Release|Any CPU.ActiveCfg = Release|iPhoneSimulator
		{8D2E16F8-F94F-47CC-8B10-3339EEB6B580}.Release|Any CPU.Build.0 = Release|iPhoneSimulator
		{8D2E16F8-F94F-47CC-8B10-3339EEB6B580}.Debug|iPhoneSimulator.ActiveCfg = Debug|iPhoneSimulator
		{8D2E16F8-F94F-47CC-8B10-3339EEB6B580}.Debug|iPhoneSimulator.Build.0 = Debug|iPhoneSimulator
		{8D2E16F8-F94F-47CC-8B10-3339EEB6B580}.Release|iPhoneSimulator.ActiveCfg = Release|iPhoneSimulator
		{8D2E16F8-F94F-47CC-8B10-3339EEB6B580}.Release|iPhoneSimulator.Build.0 = Release|iPhoneSimulator
		{8D2E16F8-F94F-47CC-8B10-3339EEB6B580}.Debug|iPhone.ActiveCfg = Debug|iPhone
		{8D2E16F8-F94F-47CC-8B10-3339EEB6B580}.Debug|iPhone.Build.0 = Debug|iPhone
		{8D2E16F8-F94F-47CC-8B10-3339EEB6B580}.Release|iPhone.ActiveCfg = Release|iPhone
		{8D2E16F8-F94F-47CC-8B10-3339EEB6B580}.Release|iPhone.Build.0 = Release|iPhone
		{5563DD0E-FF2D-4501-BCC8-A1D0A6644D92}.Debug|Any CPU.ActiveCfg = Debug|Any CPU
		{5563DD0E-FF2D-4501-BCC8-A1D0A6644D92}.Debug|Any CPU.Build.0 = Debug|Any CPU
		{5563DD0E-FF2D-4501-BCC8-A1D0A6644D92}.Release|Any CPU.ActiveCfg = Release|Any CPU
		{5563DD0E-FF2D-4501-BCC8-A1D0A6644D92}.Release|Any CPU.Build.0 = Release|Any CPU
		{5563DD0E-FF2D-4501-BCC8-A1D0A6644D92}.Debug|iPhoneSimulator.ActiveCfg = Debug|Any CPU
		{5563DD0E-FF2D-4501-BCC8-A1D0A6644D92}.Debug|iPhoneSimulator.Build.0 = Debug|Any CPU
		{5563DD0E-FF2D-4501-BCC8-A1D0A6644D92}.Release|iPhoneSimulator.ActiveCfg = Release|Any CPU
		{5563DD0E-FF2D-4501-BCC8-A1D0A6644D92}.Release|iPhoneSimulator.Build.0 = Release|Any CPU
		{5563DD0E-FF2D-4501-BCC8-A1D0A6644D92}.Debug|iPhone.ActiveCfg = Debug|Any CPU
		{5563DD0E-FF2D-4501-BCC8-A1D0A6644D92}.Debug|iPhone.Build.0 = Debug|Any CPU
		{5563DD0E-FF2D-4501-BCC8-A1D0A6644D92}.Release|iPhone.ActiveCfg = Release|Any CPU
		{5563DD0E-FF2D-4501-BCC8-A1D0A6644D92}.Release|iPhone.Build.0 = Release|Any CPU
	EndGlobalSection
EndGlobal
